// !$*UTF8*$!
{
	archiveVersion = 1;
	classes = {
	};
	objectVersion = 46;
	objects = {

/* Begin PBXBuildFile section */
		830F785018D2097C00C13B0D /* companyLogo.psd in Resources */ = {isa = PBXBuildFile; fileRef = 830F784E18D2097C00C13B0D /* companyLogo.psd */; };
		831001ED17CC684C0055A5CB /* OpenWhite.png in Resources */ = {isa = PBXBuildFile; fileRef = 831001EA17CC684C0055A5CB /* OpenWhite.png */; };
		831001EE17CC684C0055A5CB /* PausedWhite.png in Resources */ = {isa = PBXBuildFile; fileRef = 831001EB17CC684C0055A5CB /* PausedWhite.png */; };
		831001EF17CC684C0055A5CB /* StoppedWhite.png in Resources */ = {isa = PBXBuildFile; fileRef = 831001EC17CC684C0055A5CB /* StoppedWhite.png */; };
		831001F117CC690D0055A5CB /* PlayingWhite.png in Resources */ = {isa = PBXBuildFile; fileRef = 831001F017CC690D0055A5CB /* PlayingWhite.png */; };
		83101A2617D9819B006E6CA8 /* PausedButton.png in Resources */ = {isa = PBXBuildFile; fileRef = 83101A2517D9819B006E6CA8 /* PausedButton.png */; };
		83101A2F17DA879C006E6CA8 /* PlayButton.png in Resources */ = {isa = PBXBuildFile; fileRef = 83101A2D17DA879C006E6CA8 /* PlayButton.png */; };
		8310E585186B82B100510804 /* icon.icns in Resources */ = {isa = PBXBuildFile; fileRef = 8310E584186B82B100510804 /* icon.icns */; };
		8310E5A3186BBEE000510804 /* closeButtonDepressed.png in Resources */ = {isa = PBXBuildFile; fileRef = 8310E5A2186BBEE000510804 /* closeButtonDepressed.png */; };
		8310E5A5186BBEF900510804 /* closeButton.png in Resources */ = {isa = PBXBuildFile; fileRef = 8310E5A4186BBEF900510804 /* closeButton.png */; };
		83131A4017C898DC00D50029 /* Cocoa.framework in Frameworks */ = {isa = PBXBuildFile; fileRef = 83131A3F17C898DC00D50029 /* Cocoa.framework */; };
		83131A4A17C898DC00D50029 /* InfoPlist.strings in Resources */ = {isa = PBXBuildFile; fileRef = 83131A4817C898DC00D50029 /* InfoPlist.strings */; };
		83131A4C17C898DC00D50029 /* main.m in Sources */ = {isa = PBXBuildFile; fileRef = 83131A4B17C898DC00D50029 /* main.m */; };
		83131A5017C898DC00D50029 /* Credits.rtf in Resources */ = {isa = PBXBuildFile; fileRef = 83131A4E17C898DC00D50029 /* Credits.rtf */; };
		83131A5817C898DC00D50029 /* Images.xcassets in Resources */ = {isa = PBXBuildFile; fileRef = 83131A5717C898DC00D50029 /* Images.xcassets */; };
		83131A5F17C898DC00D50029 /* XCTest.framework in Frameworks */ = {isa = PBXBuildFile; fileRef = 83131A5E17C898DC00D50029 /* XCTest.framework */; };
		83131A6017C898DC00D50029 /* Cocoa.framework in Frameworks */ = {isa = PBXBuildFile; fileRef = 83131A3F17C898DC00D50029 /* Cocoa.framework */; };
		83131A6817C898DC00D50029 /* InfoPlist.strings in Resources */ = {isa = PBXBuildFile; fileRef = 83131A6617C898DC00D50029 /* InfoPlist.strings */; };
		83131A6A17C898DC00D50029 /* PlayMeTests.m in Sources */ = {isa = PBXBuildFile; fileRef = 83131A6917C898DC00D50029 /* PlayMeTests.m */; };
		83131A9317C8A99000D50029 /* ITunesController.m in Sources */ = {isa = PBXBuildFile; fileRef = 83131A9117C8A99000D50029 /* ITunesController.m */; };
		83131A9817C8AD3200D50029 /* ImageController.m in Sources */ = {isa = PBXBuildFile; fileRef = 83131A9717C8AD3200D50029 /* ImageController.m */; };
		83131A9B17C8AE0C00D50029 /* NCController.m in Sources */ = {isa = PBXBuildFile; fileRef = 83131A9A17C8AE0C00D50029 /* NCController.m */; };
		83246F6317CC0188001A3118 /* BlankArtwork.png in Resources */ = {isa = PBXBuildFile; fileRef = 83246F6217CC0188001A3118 /* BlankArtwork.png */; };
		83246F6B17CC0F41001A3118 /* bgTopArrow.png in Resources */ = {isa = PBXBuildFile; fileRef = 83246F6717CC0F41001A3118 /* bgTopArrow.png */; };
		8329B49517CBEA0F0000BB47 /* Playing.png in Resources */ = {isa = PBXBuildFile; fileRef = 8329B49417CBEA0F0000BB47 /* Playing.png */; };
		8336E36C19EB5CD300D6629F /* Screen Shot 2014-10-12 at 6.04.57 PM.png in Resources */ = {isa = PBXBuildFile; fileRef = 8336E36B19EB5CD300D6629F /* Screen Shot 2014-10-12 at 6.04.57 PM.png */; };
		833B4CDC1868E6CB000DB59A /* icon1024.psd in Resources */ = {isa = PBXBuildFile; fileRef = 833B4CDA1868E6CB000DB59A /* icon1024.psd */; };
		833E46AD19A9692700A1C69A /* BackdropReference.psd in Resources */ = {isa = PBXBuildFile; fileRef = 833E46AA19A9692700A1C69A /* BackdropReference.psd */; };
		833E46AE19A9692700A1C69A /* NothingPlaying.png in Resources */ = {isa = PBXBuildFile; fileRef = 833E46AB19A9692700A1C69A /* NothingPlaying.png */; };
		833E46AF19A9692700A1C69A /* PausedMask.png in Resources */ = {isa = PBXBuildFile; fileRef = 833E46AC19A9692700A1C69A /* PausedMask.png */; };
		8342CB5F1892FD0E000CA6AE /* GeneralViewController.m in Sources */ = {isa = PBXBuildFile; fileRef = 8342CB5A1892FD0E000CA6AE /* GeneralViewController.m */; };
		8342CB601892FD0E000CA6AE /* GeneralView.xib in Resources */ = {isa = PBXBuildFile; fileRef = 8342CB5B1892FD0E000CA6AE /* GeneralView.xib */; };
		8342CB671892FD2E000CA6AE /* MASPreferencesWindow.xib in Resources */ = {isa = PBXBuildFile; fileRef = 8342CB641892FD2E000CA6AE /* MASPreferencesWindow.xib */; };
		8342CB681892FD2E000CA6AE /* MASPreferencesWindowController.m in Sources */ = {isa = PBXBuildFile; fileRef = 8342CB661892FD2E000CA6AE /* MASPreferencesWindowController.m */; };
		8342CB6C1892FF60000CA6AE /* AboutViewController.m in Sources */ = {isa = PBXBuildFile; fileRef = 8342CB6A1892FF60000CA6AE /* AboutViewController.m */; };
		8342CB6D1892FF60000CA6AE /* AboutView.xib in Resources */ = {isa = PBXBuildFile; fileRef = 8342CB6B1892FF60000CA6AE /* AboutView.xib */; };
		8342CB7018930704000CA6AE /* moreButton.png in Resources */ = {isa = PBXBuildFile; fileRef = 8342CB6E18930704000CA6AE /* moreButton.png */; };
		8342CB731893071C000CA6AE /* moreButtonDepressed.png in Resources */ = {isa = PBXBuildFile; fileRef = 8342CB721893071C000CA6AE /* moreButtonDepressed.png */; };
		8351AD0B17CBF2DF002835F2 /* Open.png in Resources */ = {isa = PBXBuildFile; fileRef = 8351AD0A17CBF2DF002835F2 /* Open.png */; };
		835A69B018BCFB9A0080CEA3 /* PreferencesWindowController.m in Sources */ = {isa = PBXBuildFile; fileRef = 835A69AE18BCFB9A0080CEA3 /* PreferencesWindowController.m */; };
		835A69B118BCFB9A0080CEA3 /* PreferencesWindow.xib in Resources */ = {isa = PBXBuildFile; fileRef = 835A69AF18BCFB9A0080CEA3 /* PreferencesWindow.xib */; };
		835CA99C1870A87600CE42A8 /* ColorOperation.m in Sources */ = {isa = PBXBuildFile; fileRef = 835CA99B1870A87600CE42A8 /* ColorOperation.m */; };
		8376319B17DAFA1E00B51CBC /* NextButton.png in Resources */ = {isa = PBXBuildFile; fileRef = 8376319717DAFA1E00B51CBC /* NextButton.png */; };
		8376319D17DAFA1E00B51CBC /* PreviousButton.png in Resources */ = {isa = PBXBuildFile; fileRef = 8376319917DAFA1E00B51CBC /* PreviousButton.png */; };
		837631A517DB186A00B51CBC /* ButtonsBackdrop.m in Sources */ = {isa = PBXBuildFile; fileRef = 837631A417DB186A00B51CBC /* ButtonsBackdrop.m */; };
		8388009517F223AA002EC9C7 /* bgTopArrow@2x.png in Resources */ = {isa = PBXBuildFile; fileRef = 8388009417F223AA002EC9C7 /* bgTopArrow@2x.png */; };
		8388009817F22E53002EC9C7 /* Open@2x.png in Resources */ = {isa = PBXBuildFile; fileRef = 8388009617F22E53002EC9C7 /* Open@2x.png */; };
		8388009917F22E53002EC9C7 /* OpenWhite@2x.png in Resources */ = {isa = PBXBuildFile; fileRef = 8388009717F22E53002EC9C7 /* OpenWhite@2x.png */; };
		8388009C17F22FB4002EC9C7 /* Playing@2x.png in Resources */ = {isa = PBXBuildFile; fileRef = 8388009A17F22FB4002EC9C7 /* Playing@2x.png */; };
		8388009D17F22FB4002EC9C7 /* PlayingWhite@2x.png in Resources */ = {isa = PBXBuildFile; fileRef = 8388009B17F22FB4002EC9C7 /* PlayingWhite@2x.png */; };
		838800A017F23066002EC9C7 /* Paused@2x.png in Resources */ = {isa = PBXBuildFile; fileRef = 8388009E17F23066002EC9C7 /* Paused@2x.png */; };
		838800A117F23066002EC9C7 /* PausedWhite@2x.png in Resources */ = {isa = PBXBuildFile; fileRef = 8388009F17F23066002EC9C7 /* PausedWhite@2x.png */; };
		838800A417F230A8002EC9C7 /* Stopped@2x.png in Resources */ = {isa = PBXBuildFile; fileRef = 838800A217F230A8002EC9C7 /* Stopped@2x.png */; };
		838800A517F230A8002EC9C7 /* StoppedWhite@2x.png in Resources */ = {isa = PBXBuildFile; fileRef = 838800A317F230A8002EC9C7 /* StoppedWhite@2x.png */; };
		838C439218B7B333005AADA4 /* icon1024.png in Resources */ = {isa = PBXBuildFile; fileRef = 838C439118B7B333005AADA4 /* icon1024.png */; };
		838E0A6A18E781C7007FCEC5 /* appNameLogo.psd in Resources */ = {isa = PBXBuildFile; fileRef = 838E0A6818E781C7007FCEC5 /* appNameLogo.psd */; };
		8392AAC817CBF1B200EEF193 /* Paused.png in Resources */ = {isa = PBXBuildFile; fileRef = 8392AAC717CBF1B200EEF193 /* Paused.png */; };
		8392AACA17CBF1C200EEF193 /* Stopped.png in Resources */ = {isa = PBXBuildFile; fileRef = 8392AAC917CBF1C200EEF193 /* Stopped.png */; };
		83A3409018C6A46700B7F4C4 /* PreferencesBackdrop.m in Sources */ = {isa = PBXBuildFile; fileRef = 83A3408F18C6A46700B7F4C4 /* PreferencesBackdrop.m */; };
		83AE0FC617E2B93A00AE8282 /* SongSlider.m in Sources */ = {isa = PBXBuildFile; fileRef = 83AE0FC517E2B93A00AE8282 /* SongSlider.m */; };
		83AFDA091970696F00DE0429 /* MainMenu.xib in Resources */ = {isa = PBXBuildFile; fileRef = 83AFDA081970696F00DE0429 /* MainMenu.xib */; };
		83AFDA1119706A1700DE0429 /* ArtworkView.m in Sources */ = {isa = PBXBuildFile; fileRef = 83AFDA1019706A1700DE0429 /* ArtworkView.m */; };
		83AFDA1519707DFF00DE0429 /* ArtworkWindowController.m in Sources */ = {isa = PBXBuildFile; fileRef = 83AFDA1319707DFF00DE0429 /* ArtworkWindowController.m */; };
		83AFDA1619707DFF00DE0429 /* ArtworkWindow.xib in Resources */ = {isa = PBXBuildFile; fileRef = 83AFDA1419707DFF00DE0429 /* ArtworkWindow.xib */; };
		83AFDA1919707FDD00DE0429 /* ArtworkWindow.m in Sources */ = {isa = PBXBuildFile; fileRef = 83AFDA1819707FDD00DE0429 /* ArtworkWindow.m */; };
		83CB8D6519561160009D4FE2 /* MenubarController.m in Sources */ = {isa = PBXBuildFile; fileRef = 83CB8D6419561160009D4FE2 /* MenubarController.m */; };
		83CB8D6819561231009D4FE2 /* StatusItemView.m in Sources */ = {isa = PBXBuildFile; fileRef = 83CB8D6719561231009D4FE2 /* StatusItemView.m */; };
		83D532E61956B8B100E3EEAA /* PMAAppDelegate.m in Sources */ = {isa = PBXBuildFile; fileRef = 83D532E41956B8B100E3EEAA /* PMAAppDelegate.m */; };
		83DA970917DBEB2F007531E4 /* NextButtonDepressed.png in Resources */ = {isa = PBXBuildFile; fileRef = 83DA970517DBEB2F007531E4 /* NextButtonDepressed.png */; };
		83DA970A17DBEB2F007531E4 /* PausedButtonDepressed.png in Resources */ = {isa = PBXBuildFile; fileRef = 83DA970617DBEB2F007531E4 /* PausedButtonDepressed.png */; };
		83DA970B17DBEB2F007531E4 /* PlayButtonDepressed.png in Resources */ = {isa = PBXBuildFile; fileRef = 83DA970717DBEB2F007531E4 /* PlayButtonDepressed.png */; };
		83DA970C17DBEB2F007531E4 /* PreviousButtonDepressed.png in Resources */ = {isa = PBXBuildFile; fileRef = 83DA970817DBEB2F007531E4 /* PreviousButtonDepressed.png */; };
		83DA970F17DBF2C5007531E4 /* ControlButtonsCell.m in Sources */ = {isa = PBXBuildFile; fileRef = 83DA970E17DBF2C5007531E4 /* ControlButtonsCell.m */; };
		83E1A7DA17E1A1FE00BC94B8 /* iTunesButton.png in Resources */ = {isa = PBXBuildFile; fileRef = 83E1A7D817E1A1FE00BC94B8 /* iTunesButton.png */; };
		83E1A7DB17E1A1FE00BC94B8 /* iTunesButtonDepressed.png in Resources */ = {isa = PBXBuildFile; fileRef = 83E1A7D917E1A1FE00BC94B8 /* iTunesButtonDepressed.png */; };
		83E1A7DD17E1A73300BC94B8 /* revealTrack.scpt in Resources */ = {isa = PBXBuildFile; fileRef = 83E1A7DC17E1A21600BC94B8 /* revealTrack.scpt */; };
		83E1A7E217E272C700BC94B8 /* SongSliderCell.m in Sources */ = {isa = PBXBuildFile; fileRef = 83E1A7E117E272C700BC94B8 /* SongSliderCell.m */; };
		83E5A98D17D0441900CDC2F7 /* AlbumColorPicker.m in Sources */ = {isa = PBXBuildFile; fileRef = 83E5A98C17D0441900CDC2F7 /* AlbumColorPicker.m */; };
		83F0B61217E963EF009BF1E1 /* quitButtonDepressed.png in Resources */ = {isa = PBXBuildFile; fileRef = 83F0B61017E963EF009BF1E1 /* quitButtonDepressed.png */; };
		83F0B61317E963EF009BF1E1 /* quitButton.png in Resources */ = {isa = PBXBuildFile; fileRef = 83F0B61117E963EF009BF1E1 /* quitButton.png */; };
/* End PBXBuildFile section */

/* Begin PBXContainerItemProxy section */
		83131A6117C898DC00D50029 /* PBXContainerItemProxy */ = {
			isa = PBXContainerItemProxy;
			containerPortal = 83131A3417C898DC00D50029 /* Project object */;
			proxyType = 1;
			remoteGlobalIDString = 83131A3B17C898DC00D50029;
			remoteInfo = PlayMe;
		};
		8334BCAC19B929BE000A6BF0 /* PBXContainerItemProxy */ = {
			isa = PBXContainerItemProxy;
			containerPortal = 83131A3417C898DC00D50029 /* Project object */;
			proxyType = 1;
			remoteGlobalIDString = 83131A3B17C898DC00D50029;
			remoteInfo = PlayMe;
		};
		8334BCAE19B929BE000A6BF0 /* PBXContainerItemProxy */ = {
			isa = PBXContainerItemProxy;
			containerPortal = 83131A3417C898DC00D50029 /* Project object */;
			proxyType = 1;
			remoteGlobalIDString = 83131A3B17C898DC00D50029;
			remoteInfo = PlayMe;
		};
		83C2495819B9294000594D5B /* PBXContainerItemProxy */ = {
			isa = PBXContainerItemProxy;
			containerPortal = 83131A3417C898DC00D50029 /* Project object */;
			proxyType = 1;
			remoteGlobalIDString = 83131A3B17C898DC00D50029;
			remoteInfo = PlayMe;
		};
		83C2495A19B9294000594D5B /* PBXContainerItemProxy */ = {
			isa = PBXContainerItemProxy;
			containerPortal = 83131A3417C898DC00D50029 /* Project object */;
			proxyType = 1;
			remoteGlobalIDString = 83131A3B17C898DC00D50029;
			remoteInfo = PlayMe;
		};
		83C2495C19B9294700594D5B /* PBXContainerItemProxy */ = {
			isa = PBXContainerItemProxy;
			containerPortal = 83131A3417C898DC00D50029 /* Project object */;
			proxyType = 1;
			remoteGlobalIDString = 83131A3B17C898DC00D50029;
			remoteInfo = PlayMe;
		};
		83C2495E19B9294700594D5B /* PBXContainerItemProxy */ = {
			isa = PBXContainerItemProxy;
			containerPortal = 83131A3417C898DC00D50029 /* Project object */;
			proxyType = 1;
			remoteGlobalIDString = 83131A3B17C898DC00D50029;
			remoteInfo = PlayMe;
		};
/* End PBXContainerItemProxy section */

/* Begin PBXFileReference section */
		830F784E18D2097C00C13B0D /* companyLogo.psd */ = {isa = PBXFileReference; lastKnownFileType = file; path = companyLogo.psd; sourceTree = "<group>"; };
		831001EA17CC684C0055A5CB /* OpenWhite.png */ = {isa = PBXFileReference; lastKnownFileType = image.png; path = OpenWhite.png; sourceTree = "<group>"; };
		831001EB17CC684C0055A5CB /* PausedWhite.png */ = {isa = PBXFileReference; lastKnownFileType = image.png; path = PausedWhite.png; sourceTree = "<group>"; };
		831001EC17CC684C0055A5CB /* StoppedWhite.png */ = {isa = PBXFileReference; lastKnownFileType = image.png; path = StoppedWhite.png; sourceTree = "<group>"; };
		831001F017CC690D0055A5CB /* PlayingWhite.png */ = {isa = PBXFileReference; lastKnownFileType = image.png; path = PlayingWhite.png; sourceTree = "<group>"; };
		83101A2517D9819B006E6CA8 /* PausedButton.png */ = {isa = PBXFileReference; lastKnownFileType = image.png; path = PausedButton.png; sourceTree = "<group>"; };
		83101A2D17DA879C006E6CA8 /* PlayButton.png */ = {isa = PBXFileReference; lastKnownFileType = image.png; path = PlayButton.png; sourceTree = "<group>"; };
		8310E584186B82B100510804 /* icon.icns */ = {isa = PBXFileReference; lastKnownFileType = image.icns; path = icon.icns; sourceTree = "<group>"; };
		8310E5A2186BBEE000510804 /* closeButtonDepressed.png */ = {isa = PBXFileReference; lastKnownFileType = image.png; path = closeButtonDepressed.png; sourceTree = "<group>"; };
		8310E5A4186BBEF900510804 /* closeButton.png */ = {isa = PBXFileReference; lastKnownFileType = image.png; path = closeButton.png; sourceTree = "<group>"; };
		83131A3C17C898DC00D50029 /* PlayMe.app */ = {isa = PBXFileReference; explicitFileType = wrapper.application; includeInIndex = 0; path = PlayMe.app; sourceTree = BUILT_PRODUCTS_DIR; };
		83131A3F17C898DC00D50029 /* Cocoa.framework */ = {isa = PBXFileReference; lastKnownFileType = wrapper.framework; name = Cocoa.framework; path = System/Library/Frameworks/Cocoa.framework; sourceTree = SDKROOT; };
		83131A4217C898DC00D50029 /* AppKit.framework */ = {isa = PBXFileReference; lastKnownFileType = wrapper.framework; name = AppKit.framework; path = System/Library/Frameworks/AppKit.framework; sourceTree = SDKROOT; };
		83131A4317C898DC00D50029 /* CoreData.framework */ = {isa = PBXFileReference; lastKnownFileType = wrapper.framework; name = CoreData.framework; path = System/Library/Frameworks/CoreData.framework; sourceTree = SDKROOT; };
		83131A4417C898DC00D50029 /* Foundation.framework */ = {isa = PBXFileReference; lastKnownFileType = wrapper.framework; name = Foundation.framework; path = System/Library/Frameworks/Foundation.framework; sourceTree = SDKROOT; };
		83131A4717C898DC00D50029 /* PlayMe-Info.plist */ = {isa = PBXFileReference; lastKnownFileType = text.plist.xml; path = "PlayMe-Info.plist"; sourceTree = "<group>"; };
		83131A4917C898DC00D50029 /* en */ = {isa = PBXFileReference; lastKnownFileType = text.plist.strings; name = en; path = en.lproj/InfoPlist.strings; sourceTree = "<group>"; };
		83131A4B17C898DC00D50029 /* main.m */ = {isa = PBXFileReference; lastKnownFileType = sourcecode.c.objc; path = main.m; sourceTree = "<group>"; };
		83131A4D17C898DC00D50029 /* PlayMe-Prefix.pch */ = {isa = PBXFileReference; lastKnownFileType = sourcecode.c.h; path = "PlayMe-Prefix.pch"; sourceTree = "<group>"; };
		83131A4F17C898DC00D50029 /* en */ = {isa = PBXFileReference; lastKnownFileType = text.rtf; name = en; path = en.lproj/Credits.rtf; sourceTree = "<group>"; };
		83131A5717C898DC00D50029 /* Images.xcassets */ = {isa = PBXFileReference; lastKnownFileType = folder.assetcatalog; path = Images.xcassets; sourceTree = "<group>"; };
		83131A5D17C898DC00D50029 /* PlayMeTests.xctest */ = {isa = PBXFileReference; explicitFileType = wrapper.cfbundle; includeInIndex = 0; path = PlayMeTests.xctest; sourceTree = BUILT_PRODUCTS_DIR; };
		83131A5E17C898DC00D50029 /* XCTest.framework */ = {isa = PBXFileReference; lastKnownFileType = wrapper.framework; name = XCTest.framework; path = Library/Frameworks/XCTest.framework; sourceTree = DEVELOPER_DIR; };
		83131A6517C898DC00D50029 /* PlayMeTests-Info.plist */ = {isa = PBXFileReference; lastKnownFileType = text.plist.xml; path = "PlayMeTests-Info.plist"; sourceTree = "<group>"; };
		83131A6717C898DC00D50029 /* en */ = {isa = PBXFileReference; lastKnownFileType = text.plist.strings; name = en; path = en.lproj/InfoPlist.strings; sourceTree = "<group>"; };
		83131A6917C898DC00D50029 /* PlayMeTests.m */ = {isa = PBXFileReference; lastKnownFileType = sourcecode.c.objc; path = PlayMeTests.m; sourceTree = "<group>"; };
		83131A9017C8A99000D50029 /* ITunesController.h */ = {isa = PBXFileReference; fileEncoding = 4; lastKnownFileType = sourcecode.c.h; path = ITunesController.h; sourceTree = "<group>"; };
		83131A9117C8A99000D50029 /* ITunesController.m */ = {isa = PBXFileReference; fileEncoding = 4; lastKnownFileType = sourcecode.c.objc; path = ITunesController.m; sourceTree = "<group>"; };
		83131A9217C8A99000D50029 /* iTunes.h */ = {isa = PBXFileReference; fileEncoding = 4; lastKnownFileType = sourcecode.c.h; path = iTunes.h; sourceTree = "<group>"; };
		83131A9417C8A99F00D50029 /* ImageController.h */ = {isa = PBXFileReference; lastKnownFileType = sourcecode.c.h; path = ImageController.h; sourceTree = "<group>"; };
		83131A9717C8AD3200D50029 /* ImageController.m */ = {isa = PBXFileReference; fileEncoding = 4; lastKnownFileType = sourcecode.c.objc; path = ImageController.m; sourceTree = "<group>"; };
		83131A9917C8AE0C00D50029 /* NCController.h */ = {isa = PBXFileReference; fileEncoding = 4; lastKnownFileType = sourcecode.c.h; path = NCController.h; sourceTree = "<group>"; };
		83131A9A17C8AE0C00D50029 /* NCController.m */ = {isa = PBXFileReference; fileEncoding = 4; lastKnownFileType = sourcecode.c.objc; path = NCController.m; sourceTree = "<group>"; };
		83246F6217CC0188001A3118 /* BlankArtwork.png */ = {isa = PBXFileReference; lastKnownFileType = image.png; path = BlankArtwork.png; sourceTree = "<group>"; };
		83246F6717CC0F41001A3118 /* bgTopArrow.png */ = {isa = PBXFileReference; lastKnownFileType = image.png; path = bgTopArrow.png; sourceTree = "<group>"; };
		8329B49417CBEA0F0000BB47 /* Playing.png */ = {isa = PBXFileReference; lastKnownFileType = image.png; path = Playing.png; sourceTree = "<group>"; };
		8336E36B19EB5CD300D6629F /* Screen Shot 2014-10-12 at 6.04.57 PM.png */ = {isa = PBXFileReference; lastKnownFileType = image.png; path = "Screen Shot 2014-10-12 at 6.04.57 PM.png"; sourceTree = "<group>"; };
		833B4CDA1868E6CB000DB59A /* icon1024.psd */ = {isa = PBXFileReference; lastKnownFileType = file; path = icon1024.psd; sourceTree = "<group>"; };
		833E46AA19A9692700A1C69A /* BackdropReference.psd */ = {isa = PBXFileReference; lastKnownFileType = file; path = BackdropReference.psd; sourceTree = "<group>"; };
		833E46AB19A9692700A1C69A /* NothingPlaying.png */ = {isa = PBXFileReference; lastKnownFileType = image.png; path = NothingPlaying.png; sourceTree = "<group>"; };
		833E46AC19A9692700A1C69A /* PausedMask.png */ = {isa = PBXFileReference; lastKnownFileType = image.png; path = PausedMask.png; sourceTree = "<group>"; };
		8342CB591892FD0E000CA6AE /* GeneralViewController.h */ = {isa = PBXFileReference; fileEncoding = 4; lastKnownFileType = sourcecode.c.h; path = GeneralViewController.h; sourceTree = "<group>"; };
		8342CB5A1892FD0E000CA6AE /* GeneralViewController.m */ = {isa = PBXFileReference; fileEncoding = 4; lastKnownFileType = sourcecode.c.objc; path = GeneralViewController.m; sourceTree = "<group>"; };
		8342CB5B1892FD0E000CA6AE /* GeneralView.xib */ = {isa = PBXFileReference; fileEncoding = 4; lastKnownFileType = file.xib; path = GeneralView.xib; sourceTree = "<group>"; };
		8342CB631892FD2E000CA6AE /* MASPreferencesViewController.h */ = {isa = PBXFileReference; fileEncoding = 4; lastKnownFileType = sourcecode.c.h; path = MASPreferencesViewController.h; sourceTree = "<group>"; };
		8342CB641892FD2E000CA6AE /* MASPreferencesWindow.xib */ = {isa = PBXFileReference; fileEncoding = 4; lastKnownFileType = file.xib; path = MASPreferencesWindow.xib; sourceTree = "<group>"; };
		8342CB651892FD2E000CA6AE /* MASPreferencesWindowController.h */ = {isa = PBXFileReference; fileEncoding = 4; lastKnownFileType = sourcecode.c.h; path = MASPreferencesWindowController.h; sourceTree = "<group>"; };
		8342CB661892FD2E000CA6AE /* MASPreferencesWindowController.m */ = {isa = PBXFileReference; fileEncoding = 4; lastKnownFileType = sourcecode.c.objc; path = MASPreferencesWindowController.m; sourceTree = "<group>"; };
		8342CB691892FF60000CA6AE /* AboutViewController.h */ = {isa = PBXFileReference; fileEncoding = 4; lastKnownFileType = sourcecode.c.h; path = AboutViewController.h; sourceTree = "<group>"; };
		8342CB6A1892FF60000CA6AE /* AboutViewController.m */ = {isa = PBXFileReference; fileEncoding = 4; lastKnownFileType = sourcecode.c.objc; path = AboutViewController.m; sourceTree = "<group>"; };
		8342CB6B1892FF60000CA6AE /* AboutView.xib */ = {isa = PBXFileReference; fileEncoding = 4; lastKnownFileType = file.xib; path = AboutView.xib; sourceTree = "<group>"; };
		8342CB6E18930704000CA6AE /* moreButton.png */ = {isa = PBXFileReference; lastKnownFileType = image.png; path = moreButton.png; sourceTree = "<group>"; };
		8342CB721893071C000CA6AE /* moreButtonDepressed.png */ = {isa = PBXFileReference; lastKnownFileType = image.png; path = moreButtonDepressed.png; sourceTree = "<group>"; };
		8351AD0A17CBF2DF002835F2 /* Open.png */ = {isa = PBXFileReference; lastKnownFileType = image.png; path = Open.png; sourceTree = "<group>"; };
		835A69AD18BCFB9A0080CEA3 /* PreferencesWindowController.h */ = {isa = PBXFileReference; fileEncoding = 4; lastKnownFileType = sourcecode.c.h; name = PreferencesWindowController.h; path = ../PreferencesWindowController.h; sourceTree = "<group>"; };
		835A69AE18BCFB9A0080CEA3 /* PreferencesWindowController.m */ = {isa = PBXFileReference; fileEncoding = 4; lastKnownFileType = sourcecode.c.objc; name = PreferencesWindowController.m; path = ../PreferencesWindowController.m; sourceTree = "<group>"; };
		835A69AF18BCFB9A0080CEA3 /* PreferencesWindow.xib */ = {isa = PBXFileReference; fileEncoding = 4; lastKnownFileType = file.xib; name = PreferencesWindow.xib; path = ../PreferencesWindow.xib; sourceTree = "<group>"; };
		835CA99A1870A87600CE42A8 /* ColorOperation.h */ = {isa = PBXFileReference; fileEncoding = 4; lastKnownFileType = sourcecode.c.h; path = ColorOperation.h; sourceTree = "<group>"; };
		835CA99B1870A87600CE42A8 /* ColorOperation.m */ = {isa = PBXFileReference; fileEncoding = 4; lastKnownFileType = sourcecode.c.objc; path = ColorOperation.m; sourceTree = "<group>"; };
		8376319717DAFA1E00B51CBC /* NextButton.png */ = {isa = PBXFileReference; lastKnownFileType = image.png; path = NextButton.png; sourceTree = "<group>"; };
		8376319917DAFA1E00B51CBC /* PreviousButton.png */ = {isa = PBXFileReference; lastKnownFileType = image.png; path = PreviousButton.png; sourceTree = "<group>"; };
		837631A317DB186A00B51CBC /* ButtonsBackdrop.h */ = {isa = PBXFileReference; fileEncoding = 4; lastKnownFileType = sourcecode.c.h; path = ButtonsBackdrop.h; sourceTree = "<group>"; };
		837631A417DB186A00B51CBC /* ButtonsBackdrop.m */ = {isa = PBXFileReference; fileEncoding = 4; lastKnownFileType = sourcecode.c.objc; path = ButtonsBackdrop.m; sourceTree = "<group>"; };
		8388009417F223AA002EC9C7 /* bgTopArrow@2x.png */ = {isa = PBXFileReference; lastKnownFileType = image.png; path = "bgTopArrow@2x.png"; sourceTree = "<group>"; };
		8388009617F22E53002EC9C7 /* Open@2x.png */ = {isa = PBXFileReference; lastKnownFileType = image.png; path = "Open@2x.png"; sourceTree = "<group>"; };
		8388009717F22E53002EC9C7 /* OpenWhite@2x.png */ = {isa = PBXFileReference; lastKnownFileType = image.png; path = "OpenWhite@2x.png"; sourceTree = "<group>"; };
		8388009A17F22FB4002EC9C7 /* Playing@2x.png */ = {isa = PBXFileReference; lastKnownFileType = image.png; path = "Playing@2x.png"; sourceTree = "<group>"; };
		8388009B17F22FB4002EC9C7 /* PlayingWhite@2x.png */ = {isa = PBXFileReference; lastKnownFileType = image.png; path = "PlayingWhite@2x.png"; sourceTree = "<group>"; };
		8388009E17F23066002EC9C7 /* Paused@2x.png */ = {isa = PBXFileReference; lastKnownFileType = image.png; path = "Paused@2x.png"; sourceTree = "<group>"; };
		8388009F17F23066002EC9C7 /* PausedWhite@2x.png */ = {isa = PBXFileReference; lastKnownFileType = image.png; path = "PausedWhite@2x.png"; sourceTree = "<group>"; };
		838800A217F230A8002EC9C7 /* Stopped@2x.png */ = {isa = PBXFileReference; lastKnownFileType = image.png; path = "Stopped@2x.png"; sourceTree = "<group>"; };
		838800A317F230A8002EC9C7 /* StoppedWhite@2x.png */ = {isa = PBXFileReference; lastKnownFileType = image.png; path = "StoppedWhite@2x.png"; sourceTree = "<group>"; };
		838C439118B7B333005AADA4 /* icon1024.png */ = {isa = PBXFileReference; lastKnownFileType = image.png; path = icon1024.png; sourceTree = "<group>"; };
		838E0A6818E781C7007FCEC5 /* appNameLogo.psd */ = {isa = PBXFileReference; lastKnownFileType = file; path = appNameLogo.psd; sourceTree = "<group>"; };
		8392AAC717CBF1B200EEF193 /* Paused.png */ = {isa = PBXFileReference; lastKnownFileType = image.png; path = Paused.png; sourceTree = "<group>"; };
		8392AAC917CBF1C200EEF193 /* Stopped.png */ = {isa = PBXFileReference; lastKnownFileType = image.png; path = Stopped.png; sourceTree = "<group>"; };
		83A3408E18C6A46700B7F4C4 /* PreferencesBackdrop.h */ = {isa = PBXFileReference; fileEncoding = 4; lastKnownFileType = sourcecode.c.h; path = PreferencesBackdrop.h; sourceTree = "<group>"; };
		83A3408F18C6A46700B7F4C4 /* PreferencesBackdrop.m */ = {isa = PBXFileReference; fileEncoding = 4; lastKnownFileType = sourcecode.c.objc; path = PreferencesBackdrop.m; sourceTree = "<group>"; };
		83AE0FC417E2B93A00AE8282 /* SongSlider.h */ = {isa = PBXFileReference; fileEncoding = 4; lastKnownFileType = sourcecode.c.h; path = SongSlider.h; sourceTree = "<group>"; };
		83AE0FC517E2B93A00AE8282 /* SongSlider.m */ = {isa = PBXFileReference; fileEncoding = 4; lastKnownFileType = sourcecode.c.objc; path = SongSlider.m; sourceTree = "<group>"; };
		83AFDA081970696F00DE0429 /* MainMenu.xib */ = {isa = PBXFileReference; fileEncoding = 4; lastKnownFileType = file.xib; path = MainMenu.xib; sourceTree = "<group>"; };
		83AFDA0F19706A1700DE0429 /* ArtworkView.h */ = {isa = PBXFileReference; fileEncoding = 4; lastKnownFileType = sourcecode.c.h; path = ArtworkView.h; sourceTree = "<group>"; };
		83AFDA1019706A1700DE0429 /* ArtworkView.m */ = {isa = PBXFileReference; fileEncoding = 4; lastKnownFileType = sourcecode.c.objc; path = ArtworkView.m; sourceTree = "<group>"; };
		83AFDA1219707DFF00DE0429 /* ArtworkWindowController.h */ = {isa = PBXFileReference; fileEncoding = 4; lastKnownFileType = sourcecode.c.h; path = ArtworkWindowController.h; sourceTree = "<group>"; };
		83AFDA1319707DFF00DE0429 /* ArtworkWindowController.m */ = {isa = PBXFileReference; fileEncoding = 4; lastKnownFileType = sourcecode.c.objc; path = ArtworkWindowController.m; sourceTree = "<group>"; };
		83AFDA1419707DFF00DE0429 /* ArtworkWindow.xib */ = {isa = PBXFileReference; fileEncoding = 4; lastKnownFileType = file.xib; path = ArtworkWindow.xib; sourceTree = "<group>"; };
		83AFDA1719707FDD00DE0429 /* ArtworkWindow.h */ = {isa = PBXFileReference; fileEncoding = 4; lastKnownFileType = sourcecode.c.h; path = ArtworkWindow.h; sourceTree = "<group>"; };
		83AFDA1819707FDD00DE0429 /* ArtworkWindow.m */ = {isa = PBXFileReference; fileEncoding = 4; lastKnownFileType = sourcecode.c.objc; path = ArtworkWindow.m; sourceTree = "<group>"; };
		83CB8D6319561160009D4FE2 /* MenubarController.h */ = {isa = PBXFileReference; fileEncoding = 4; lastKnownFileType = sourcecode.c.h; path = MenubarController.h; sourceTree = "<group>"; };
		83CB8D6419561160009D4FE2 /* MenubarController.m */ = {isa = PBXFileReference; fileEncoding = 4; lastKnownFileType = sourcecode.c.objc; path = MenubarController.m; sourceTree = "<group>"; };
		83CB8D6619561231009D4FE2 /* StatusItemView.h */ = {isa = PBXFileReference; fileEncoding = 4; lastKnownFileType = sourcecode.c.h; path = StatusItemView.h; sourceTree = "<group>"; };
		83CB8D6719561231009D4FE2 /* StatusItemView.m */ = {isa = PBXFileReference; fileEncoding = 4; lastKnownFileType = sourcecode.c.objc; path = StatusItemView.m; sourceTree = "<group>"; };
		83D532E31956B8B100E3EEAA /* PMAAppDelegate.h */ = {isa = PBXFileReference; fileEncoding = 4; lastKnownFileType = sourcecode.c.h; path = PMAAppDelegate.h; sourceTree = "<group>"; };
		83D532E41956B8B100E3EEAA /* PMAAppDelegate.m */ = {isa = PBXFileReference; fileEncoding = 4; lastKnownFileType = sourcecode.c.objc; path = PMAAppDelegate.m; sourceTree = "<group>"; };
		83DA970517DBEB2F007531E4 /* NextButtonDepressed.png */ = {isa = PBXFileReference; lastKnownFileType = image.png; path = NextButtonDepressed.png; sourceTree = "<group>"; };
		83DA970617DBEB2F007531E4 /* PausedButtonDepressed.png */ = {isa = PBXFileReference; lastKnownFileType = image.png; path = PausedButtonDepressed.png; sourceTree = "<group>"; };
		83DA970717DBEB2F007531E4 /* PlayButtonDepressed.png */ = {isa = PBXFileReference; lastKnownFileType = image.png; path = PlayButtonDepressed.png; sourceTree = "<group>"; };
		83DA970817DBEB2F007531E4 /* PreviousButtonDepressed.png */ = {isa = PBXFileReference; lastKnownFileType = image.png; path = PreviousButtonDepressed.png; sourceTree = "<group>"; };
		83DA970D17DBF2C5007531E4 /* ControlButtonsCell.h */ = {isa = PBXFileReference; fileEncoding = 4; lastKnownFileType = sourcecode.c.h; path = ControlButtonsCell.h; sourceTree = "<group>"; };
		83DA970E17DBF2C5007531E4 /* ControlButtonsCell.m */ = {isa = PBXFileReference; fileEncoding = 4; lastKnownFileType = sourcecode.c.objc; path = ControlButtonsCell.m; sourceTree = "<group>"; };
		83E1A7D817E1A1FE00BC94B8 /* iTunesButton.png */ = {isa = PBXFileReference; lastKnownFileType = image.png; path = iTunesButton.png; sourceTree = "<group>"; };
		83E1A7D917E1A1FE00BC94B8 /* iTunesButtonDepressed.png */ = {isa = PBXFileReference; lastKnownFileType = image.png; path = iTunesButtonDepressed.png; sourceTree = "<group>"; };
		83E1A7DC17E1A21600BC94B8 /* revealTrack.scpt */ = {isa = PBXFileReference; lastKnownFileType = file; path = revealTrack.scpt; sourceTree = "<group>"; };
		83E1A7E017E272C700BC94B8 /* SongSliderCell.h */ = {isa = PBXFileReference; fileEncoding = 4; lastKnownFileType = sourcecode.c.h; path = SongSliderCell.h; sourceTree = "<group>"; };
		83E1A7E117E272C700BC94B8 /* SongSliderCell.m */ = {isa = PBXFileReference; fileEncoding = 4; lastKnownFileType = sourcecode.c.objc; path = SongSliderCell.m; sourceTree = "<group>"; };
		83E5A98B17D0441900CDC2F7 /* AlbumColorPicker.h */ = {isa = PBXFileReference; fileEncoding = 4; lastKnownFileType = sourcecode.c.h; path = AlbumColorPicker.h; sourceTree = "<group>"; };
		83E5A98C17D0441900CDC2F7 /* AlbumColorPicker.m */ = {isa = PBXFileReference; fileEncoding = 4; lastKnownFileType = sourcecode.c.objc; path = AlbumColorPicker.m; sourceTree = "<group>"; };
		83F0B61017E963EF009BF1E1 /* quitButtonDepressed.png */ = {isa = PBXFileReference; lastKnownFileType = image.png; path = quitButtonDepressed.png; sourceTree = "<group>"; };
		83F0B61117E963EF009BF1E1 /* quitButton.png */ = {isa = PBXFileReference; lastKnownFileType = image.png; path = quitButton.png; sourceTree = "<group>"; };
/* End PBXFileReference section */

/* Begin PBXFrameworksBuildPhase section */
		83131A3917C898DC00D50029 /* Frameworks */ = {
			isa = PBXFrameworksBuildPhase;
			buildActionMask = 2147483647;
			files = (
				83131A4017C898DC00D50029 /* Cocoa.framework in Frameworks */,
			);
			runOnlyForDeploymentPostprocessing = 0;
		};
		83131A5A17C898DC00D50029 /* Frameworks */ = {
			isa = PBXFrameworksBuildPhase;
			buildActionMask = 2147483647;
			files = (
				83131A6017C898DC00D50029 /* Cocoa.framework in Frameworks */,
				83131A5F17C898DC00D50029 /* XCTest.framework in Frameworks */,
			);
			runOnlyForDeploymentPostprocessing = 0;
		};
/* End PBXFrameworksBuildPhase section */

/* Begin PBXGroup section */
		83101A2717D981AA006E6CA8 /* Buttons */ = {
			isa = PBXGroup;
			children = (
				8342CB721893071C000CA6AE /* moreButtonDepressed.png */,
				8342CB6E18930704000CA6AE /* moreButton.png */,
				8310E5A4186BBEF900510804 /* closeButton.png */,
				8310E5A2186BBEE000510804 /* closeButtonDepressed.png */,
				83F0B61117E963EF009BF1E1 /* quitButton.png */,
				83F0B61017E963EF009BF1E1 /* quitButtonDepressed.png */,
				83E1A7D817E1A1FE00BC94B8 /* iTunesButton.png */,
				83E1A7D917E1A1FE00BC94B8 /* iTunesButtonDepressed.png */,
				83DA970517DBEB2F007531E4 /* NextButtonDepressed.png */,
				83DA970817DBEB2F007531E4 /* PreviousButtonDepressed.png */,
				8376319717DAFA1E00B51CBC /* NextButton.png */,
				8376319917DAFA1E00B51CBC /* PreviousButton.png */,
				83101A2D17DA879C006E6CA8 /* PlayButton.png */,
				83DA970717DBEB2F007531E4 /* PlayButtonDepressed.png */,
				83101A2517D9819B006E6CA8 /* PausedButton.png */,
				83DA970617DBEB2F007531E4 /* PausedButtonDepressed.png */,
			);
			name = Buttons;
			sourceTree = "<group>";
		};
		83131A3317C898DC00D50029 = {
			isa = PBXGroup;
			children = (
				8336E36419EB5BE100D6629F /* PlayMePics */,
				83AFDA1219707DFF00DE0429 /* ArtworkWindowController.h */,
				83AFDA1319707DFF00DE0429 /* ArtworkWindowController.m */,
				83AFDA1419707DFF00DE0429 /* ArtworkWindow.xib */,
				83AFDA1719707FDD00DE0429 /* ArtworkWindow.h */,
				83AFDA1819707FDD00DE0429 /* ArtworkWindow.m */,
				83AFDA0F19706A1700DE0429 /* ArtworkView.h */,
				83AFDA1019706A1700DE0429 /* ArtworkView.m */,
				838C439318B7B339005AADA4 /* App Icons */,
				83131A4517C898DC00D50029 /* PlayMe */,
				83131A6317C898DC00D50029 /* PlayMeTests */,
				83131A3E17C898DC00D50029 /* Frameworks */,
				83131A3D17C898DC00D50029 /* Products */,
			);
			sourceTree = "<group>";
		};
		83131A3D17C898DC00D50029 /* Products */ = {
			isa = PBXGroup;
			children = (
				83131A3C17C898DC00D50029 /* PlayMe.app */,
				83131A5D17C898DC00D50029 /* PlayMeTests.xctest */,
			);
			name = Products;
			sourceTree = "<group>";
		};
		83131A3E17C898DC00D50029 /* Frameworks */ = {
			isa = PBXGroup;
			children = (
				83131A3F17C898DC00D50029 /* Cocoa.framework */,
				83131A5E17C898DC00D50029 /* XCTest.framework */,
				83131A4117C898DC00D50029 /* Other Frameworks */,
			);
			name = Frameworks;
			sourceTree = "<group>";
		};
		83131A4117C898DC00D50029 /* Other Frameworks */ = {
			isa = PBXGroup;
			children = (
				83131A4217C898DC00D50029 /* AppKit.framework */,
				83131A4317C898DC00D50029 /* CoreData.framework */,
				83131A4417C898DC00D50029 /* Foundation.framework */,
			);
			name = "Other Frameworks";
			sourceTree = "<group>";
		};
		83131A4517C898DC00D50029 /* PlayMe */ = {
			isa = PBXGroup;
			children = (
				83131A9617C8A9BA00D50029 /* Main Window */,
				8392819418810C8700266803 /* Settings Window (Not using) */,
				83131A9517C8A9A900D50029 /* Main Classes */,
				83246F6D17CC142D001A3118 /* Bar Icons */,
				83131A9C17C8AE2500D50029 /* Necesry/Unused */,
				83131A4617C898DC00D50029 /* Supporting Files */,
			);
			path = PlayMe;
			sourceTree = "<group>";
		};
		83131A4617C898DC00D50029 /* Supporting Files */ = {
			isa = PBXGroup;
			children = (
				83131A4717C898DC00D50029 /* PlayMe-Info.plist */,
				83131A4817C898DC00D50029 /* InfoPlist.strings */,
				83131A4B17C898DC00D50029 /* main.m */,
				83131A4D17C898DC00D50029 /* PlayMe-Prefix.pch */,
				83131A4E17C898DC00D50029 /* Credits.rtf */,
			);
			name = "Supporting Files";
			sourceTree = "<group>";
		};
		83131A6317C898DC00D50029 /* PlayMeTests */ = {
			isa = PBXGroup;
			children = (
				83131A6917C898DC00D50029 /* PlayMeTests.m */,
				83131A6417C898DC00D50029 /* Supporting Files */,
			);
			path = PlayMeTests;
			sourceTree = "<group>";
		};
		83131A6417C898DC00D50029 /* Supporting Files */ = {
			isa = PBXGroup;
			children = (
				83131A6517C898DC00D50029 /* PlayMeTests-Info.plist */,
				83131A6617C898DC00D50029 /* InfoPlist.strings */,
			);
			name = "Supporting Files";
			sourceTree = "<group>";
		};
		83131A9517C8A9A900D50029 /* Main Classes */ = {
			isa = PBXGroup;
			children = (
				83A3408E18C6A46700B7F4C4 /* PreferencesBackdrop.h */,
				83A3408F18C6A46700B7F4C4 /* PreferencesBackdrop.m */,
				835A69AD18BCFB9A0080CEA3 /* PreferencesWindowController.h */,
				835A69AE18BCFB9A0080CEA3 /* PreferencesWindowController.m */,
				835A69AF18BCFB9A0080CEA3 /* PreferencesWindow.xib */,
				83CB8D6319561160009D4FE2 /* MenubarController.h */,
				83CB8D6419561160009D4FE2 /* MenubarController.m */,
				83CB8D6619561231009D4FE2 /* StatusItemView.h */,
				83CB8D6719561231009D4FE2 /* StatusItemView.m */,
				83131A9017C8A99000D50029 /* ITunesController.h */,
				83131A9117C8A99000D50029 /* ITunesController.m */,
				83131A9417C8A99F00D50029 /* ImageController.h */,
				83131A9717C8AD3200D50029 /* ImageController.m */,
				8392818D18810A6900266803 /* Utilities */,
			);
			name = "Main Classes";
			sourceTree = "<group>";
		};
		83131A9617C8A9BA00D50029 /* Main Window */ = {
			isa = PBXGroup;
			children = (
				83D532E31956B8B100E3EEAA /* PMAAppDelegate.h */,
				83D532E41956B8B100E3EEAA /* PMAAppDelegate.m */,
				835CA99A1870A87600CE42A8 /* ColorOperation.h */,
				835CA99B1870A87600CE42A8 /* ColorOperation.m */,
				8392818C18810A4C00266803 /* Main Window Elements */,
				83246F6C17CC0F48001A3118 /* Background */,
				83101A2717D981AA006E6CA8 /* Buttons */,
			);
			name = "Main Window";
			sourceTree = "<group>";
		};
		83131A9C17C8AE2500D50029 /* Necesry/Unused */ = {
			isa = PBXGroup;
			children = (
				83AFDA081970696F00DE0429 /* MainMenu.xib */,
				83E1A7DC17E1A21600BC94B8 /* revealTrack.scpt */,
				83131A5717C898DC00D50029 /* Images.xcassets */,
				83131A9217C8A99000D50029 /* iTunes.h */,
			);
			name = Necesry/Unused;
			sourceTree = "<group>";
		};
		83246F6C17CC0F48001A3118 /* Background */ = {
			isa = PBXGroup;
			children = (
				833E46AA19A9692700A1C69A /* BackdropReference.psd */,
				833E46AB19A9692700A1C69A /* NothingPlaying.png */,
				833E46AC19A9692700A1C69A /* PausedMask.png */,
				83246F6717CC0F41001A3118 /* bgTopArrow.png */,
				8388009417F223AA002EC9C7 /* bgTopArrow@2x.png */,
				83246F6217CC0188001A3118 /* BlankArtwork.png */,
			);
			name = Background;
			sourceTree = "<group>";
		};
		83246F6D17CC142D001A3118 /* Bar Icons */ = {
			isa = PBXGroup;
			children = (
				8329B49417CBEA0F0000BB47 /* Playing.png */,
				8388009A17F22FB4002EC9C7 /* Playing@2x.png */,
				831001F017CC690D0055A5CB /* PlayingWhite.png */,
				8388009B17F22FB4002EC9C7 /* PlayingWhite@2x.png */,
				8392AAC717CBF1B200EEF193 /* Paused.png */,
				8388009E17F23066002EC9C7 /* Paused@2x.png */,
				831001EB17CC684C0055A5CB /* PausedWhite.png */,
				8388009F17F23066002EC9C7 /* PausedWhite@2x.png */,
				8392AAC917CBF1C200EEF193 /* Stopped.png */,
				838800A217F230A8002EC9C7 /* Stopped@2x.png */,
				831001EC17CC684C0055A5CB /* StoppedWhite.png */,
				838800A317F230A8002EC9C7 /* StoppedWhite@2x.png */,
				8351AD0A17CBF2DF002835F2 /* Open.png */,
				8388009617F22E53002EC9C7 /* Open@2x.png */,
				831001EA17CC684C0055A5CB /* OpenWhite.png */,
				8388009717F22E53002EC9C7 /* OpenWhite@2x.png */,
			);
			name = "Bar Icons";
			sourceTree = "<group>";
		};
		8336E36419EB5BE100D6629F /* PlayMePics */ = {
			isa = PBXGroup;
			children = (
				8336E36B19EB5CD300D6629F /* Screen Shot 2014-10-12 at 6.04.57 PM.png */,
			);
			path = PlayMePics;
			sourceTree = "<group>";
		};
		838C439318B7B339005AADA4 /* App Icons */ = {
			isa = PBXGroup;
			children = (
				838E0A6818E781C7007FCEC5 /* appNameLogo.psd */,
				833B4CDA1868E6CB000DB59A /* icon1024.psd */,
				838C439118B7B333005AADA4 /* icon1024.png */,
				8310E584186B82B100510804 /* icon.icns */,
				830F784E18D2097C00C13B0D /* companyLogo.psd */,
			);
			name = "App Icons";
			sourceTree = "<group>";
		};
		8392818C18810A4C00266803 /* Main Window Elements */ = {
			isa = PBXGroup;
			children = (
				83DA970D17DBF2C5007531E4 /* ControlButtonsCell.h */,
				83DA970E17DBF2C5007531E4 /* ControlButtonsCell.m */,
				83AE0FC417E2B93A00AE8282 /* SongSlider.h */,
				83AE0FC517E2B93A00AE8282 /* SongSlider.m */,
				83E1A7E017E272C700BC94B8 /* SongSliderCell.h */,
				83E1A7E117E272C700BC94B8 /* SongSliderCell.m */,
				837631A317DB186A00B51CBC /* ButtonsBackdrop.h */,
				837631A417DB186A00B51CBC /* ButtonsBackdrop.m */,
			);
			name = "Main Window Elements";
			sourceTree = "<group>";
		};
		8392818D18810A6900266803 /* Utilities */ = {
			isa = PBXGroup;
			children = (
				83E5A98B17D0441900CDC2F7 /* AlbumColorPicker.h */,
				83E5A98C17D0441900CDC2F7 /* AlbumColorPicker.m */,
				83131A9917C8AE0C00D50029 /* NCController.h */,
				83131A9A17C8AE0C00D50029 /* NCController.m */,
			);
			name = Utilities;
			sourceTree = "<group>";
		};
		8392819418810C8700266803 /* Settings Window (Not using) */ = {
			isa = PBXGroup;
			children = (
				8342CB631892FD2E000CA6AE /* MASPreferencesViewController.h */,
				8342CB641892FD2E000CA6AE /* MASPreferencesWindow.xib */,
				8342CB651892FD2E000CA6AE /* MASPreferencesWindowController.h */,
				8342CB661892FD2E000CA6AE /* MASPreferencesWindowController.m */,
				83E76CBB1891782200576A77 /* SettingsWindowViews */,
			);
			name = "Settings Window (Not using)";
			path = ..;
			sourceTree = "<group>";
		};
		83E76CBB1891782200576A77 /* SettingsWindowViews */ = {
			isa = PBXGroup;
			children = (
				8342CB591892FD0E000CA6AE /* GeneralViewController.h */,
				8342CB5A1892FD0E000CA6AE /* GeneralViewController.m */,
				8342CB5B1892FD0E000CA6AE /* GeneralView.xib */,
				8342CB691892FF60000CA6AE /* AboutViewController.h */,
				8342CB6A1892FF60000CA6AE /* AboutViewController.m */,
				8342CB6B1892FF60000CA6AE /* AboutView.xib */,
			);
			name = SettingsWindowViews;
			sourceTree = "<group>";
		};
/* End PBXGroup section */

/* Begin PBXNativeTarget section */
		83131A3B17C898DC00D50029 /* PlayMe */ = {
			isa = PBXNativeTarget;
			buildConfigurationList = 83131A6D17C898DC00D50029 /* Build configuration list for PBXNativeTarget "PlayMe" */;
			buildPhases = (
				83131A3817C898DC00D50029 /* Sources */,
				83131A3917C898DC00D50029 /* Frameworks */,
				83131A3A17C898DC00D50029 /* Resources */,
			);
			buildRules = (
			);
			dependencies = (
			);
			name = PlayMe;
			productName = PlayMe;
			productReference = 83131A3C17C898DC00D50029 /* PlayMe.app */;
			productType = "com.apple.product-type.application";
		};
		83131A5C17C898DC00D50029 /* PlayMeTests */ = {
			isa = PBXNativeTarget;
			buildConfigurationList = 83131A7017C898DC00D50029 /* Build configuration list for PBXNativeTarget "PlayMeTests" */;
			buildPhases = (
				83131A5917C898DC00D50029 /* Sources */,
				83131A5A17C898DC00D50029 /* Frameworks */,
				83131A5B17C898DC00D50029 /* Resources */,
			);
			buildRules = (
			);
			dependencies = (
				83131A6217C898DC00D50029 /* PBXTargetDependency */,
				83C2495919B9294000594D5B /* PBXTargetDependency */,
				83C2495B19B9294000594D5B /* PBXTargetDependency */,
				83C2495D19B9294700594D5B /* PBXTargetDependency */,
				83C2495F19B9294700594D5B /* PBXTargetDependency */,
				8334BCAD19B929BE000A6BF0 /* PBXTargetDependency */,
				8334BCAF19B929BE000A6BF0 /* PBXTargetDependency */,
			);
			name = PlayMeTests;
			productName = PlayMeTests;
			productReference = 83131A5D17C898DC00D50029 /* PlayMeTests.xctest */;
			productType = "com.apple.product-type.bundle.unit-test";
		};
/* End PBXNativeTarget section */

/* Begin PBXProject section */
		83131A3417C898DC00D50029 /* Project object */ = {
			isa = PBXProject;
			attributes = {
				CLASSPREFIX = PMA;
				LastUpgradeCheck = 0500;
				ORGANIZATIONNAME = "Tom Craig";
				TargetAttributes = {
					83131A5C17C898DC00D50029 = {
						TestTargetID = 83131A3B17C898DC00D50029;
					};
				};
			};
			buildConfigurationList = 83131A3717C898DC00D50029 /* Build configuration list for PBXProject "PlayMe" */;
			compatibilityVersion = "Xcode 3.2";
			developmentRegion = English;
			hasScannedForEncodings = 0;
			knownRegions = (
				en,
				Base,
			);
			mainGroup = 83131A3317C898DC00D50029;
			productRefGroup = 83131A3D17C898DC00D50029 /* Products */;
			projectDirPath = "";
			projectRoot = "";
			targets = (
				83131A3B17C898DC00D50029 /* PlayMe */,
				83131A5C17C898DC00D50029 /* PlayMeTests */,
			);
		};
/* End PBXProject section */

/* Begin PBXResourcesBuildPhase section */
		83131A3A17C898DC00D50029 /* Resources */ = {
			isa = PBXResourcesBuildPhase;
			buildActionMask = 2147483647;
			files = (
				83E1A7DD17E1A73300BC94B8 /* revealTrack.scpt in Resources */,
				83F0B61317E963EF009BF1E1 /* quitButton.png in Resources */,
				83DA970917DBEB2F007531E4 /* NextButtonDepressed.png in Resources */,
				8376319D17DAFA1E00B51CBC /* PreviousButton.png in Resources */,
				8392AACA17CBF1C200EEF193 /* Stopped.png in Resources */,
				8376319B17DAFA1E00B51CBC /* NextButton.png in Resources */,
				83DA970B17DBEB2F007531E4 /* PlayButtonDepressed.png in Resources */,
				8310E5A5186BBEF900510804 /* closeButton.png in Resources */,
				838800A117F23066002EC9C7 /* PausedWhite@2x.png in Resources */,
				8342CB601892FD0E000CA6AE /* GeneralView.xib in Resources */,
				8342CB7018930704000CA6AE /* moreButton.png in Resources */,
				8388009917F22E53002EC9C7 /* OpenWhite@2x.png in Resources */,
				838800A017F23066002EC9C7 /* Paused@2x.png in Resources */,
				8310E5A3186BBEE000510804 /* closeButtonDepressed.png in Resources */,
				83131A4A17C898DC00D50029 /* InfoPlist.strings in Resources */,
				8342CB671892FD2E000CA6AE /* MASPreferencesWindow.xib in Resources */,
				830F785018D2097C00C13B0D /* companyLogo.psd in Resources */,
				83101A2F17DA879C006E6CA8 /* PlayButton.png in Resources */,
				83246F6B17CC0F41001A3118 /* bgTopArrow.png in Resources */,
				8388009C17F22FB4002EC9C7 /* Playing@2x.png in Resources */,
				83AFDA091970696F00DE0429 /* MainMenu.xib in Resources */,
				8310E585186B82B100510804 /* icon.icns in Resources */,
				8388009D17F22FB4002EC9C7 /* PlayingWhite@2x.png in Resources */,
				8392AAC817CBF1B200EEF193 /* Paused.png in Resources */,
				83101A2617D9819B006E6CA8 /* PausedButton.png in Resources */,
				838E0A6A18E781C7007FCEC5 /* appNameLogo.psd in Resources */,
				833B4CDC1868E6CB000DB59A /* icon1024.psd in Resources */,
				838800A517F230A8002EC9C7 /* StoppedWhite@2x.png in Resources */,
				83F0B61217E963EF009BF1E1 /* quitButtonDepressed.png in Resources */,
				83131A5817C898DC00D50029 /* Images.xcassets in Resources */,
				8336E36C19EB5CD300D6629F /* Screen Shot 2014-10-12 at 6.04.57 PM.png in Resources */,
				8388009517F223AA002EC9C7 /* bgTopArrow@2x.png in Resources */,
				83246F6317CC0188001A3118 /* BlankArtwork.png in Resources */,
				833E46AE19A9692700A1C69A /* NothingPlaying.png in Resources */,
				83131A5017C898DC00D50029 /* Credits.rtf in Resources */,
				838800A417F230A8002EC9C7 /* Stopped@2x.png in Resources */,
				83DA970C17DBEB2F007531E4 /* PreviousButtonDepressed.png in Resources */,
				831001F117CC690D0055A5CB /* PlayingWhite.png in Resources */,
				8351AD0B17CBF2DF002835F2 /* Open.png in Resources */,
				831001ED17CC684C0055A5CB /* OpenWhite.png in Resources */,
				831001EE17CC684C0055A5CB /* PausedWhite.png in Resources */,
				833E46AD19A9692700A1C69A /* BackdropReference.psd in Resources */,
				8329B49517CBEA0F0000BB47 /* Playing.png in Resources */,
				83E1A7DA17E1A1FE00BC94B8 /* iTunesButton.png in Resources */,
				8342CB731893071C000CA6AE /* moreButtonDepressed.png in Resources */,
				8388009817F22E53002EC9C7 /* Open@2x.png in Resources */,
				831001EF17CC684C0055A5CB /* StoppedWhite.png in Resources */,
				838C439218B7B333005AADA4 /* icon1024.png in Resources */,
				83AFDA1619707DFF00DE0429 /* ArtworkWindow.xib in Resources */,
				833E46AF19A9692700A1C69A /* PausedMask.png in Resources */,
				83DA970A17DBEB2F007531E4 /* PausedButtonDepressed.png in Resources */,
				835A69B118BCFB9A0080CEA3 /* PreferencesWindow.xib in Resources */,
				8342CB6D1892FF60000CA6AE /* AboutView.xib in Resources */,
				83E1A7DB17E1A1FE00BC94B8 /* iTunesButtonDepressed.png in Resources */,
			);
			runOnlyForDeploymentPostprocessing = 0;
		};
		83131A5B17C898DC00D50029 /* Resources */ = {
			isa = PBXResourcesBuildPhase;
			buildActionMask = 2147483647;
			files = (
				83131A6817C898DC00D50029 /* InfoPlist.strings in Resources */,
			);
			runOnlyForDeploymentPostprocessing = 0;
		};
/* End PBXResourcesBuildPhase section */

/* Begin PBXSourcesBuildPhase section */
		83131A3817C898DC00D50029 /* Sources */ = {
			isa = PBXSourcesBuildPhase;
			buildActionMask = 2147483647;
			files = (
				8342CB5F1892FD0E000CA6AE /* GeneralViewController.m in Sources */,
				83CB8D6819561231009D4FE2 /* StatusItemView.m in Sources */,
				83AFDA1519707DFF00DE0429 /* ArtworkWindowController.m in Sources */,
				83131A9817C8AD3200D50029 /* ImageController.m in Sources */,
				83CB8D6519561160009D4FE2 /* MenubarController.m in Sources */,
				8342CB681892FD2E000CA6AE /* MASPreferencesWindowController.m in Sources */,
				83D532E61956B8B100E3EEAA /* PMAAppDelegate.m in Sources */,
				83E1A7E217E272C700BC94B8 /* SongSliderCell.m in Sources */,
				83AFDA1119706A1700DE0429 /* ArtworkView.m in Sources */,
				83AE0FC617E2B93A00AE8282 /* SongSlider.m in Sources */,
				83131A4C17C898DC00D50029 /* main.m in Sources */,
				8342CB6C1892FF60000CA6AE /* AboutViewController.m in Sources */,
				83E5A98D17D0441900CDC2F7 /* AlbumColorPicker.m in Sources */,
				835CA99C1870A87600CE42A8 /* ColorOperation.m in Sources */,
				83131A9B17C8AE0C00D50029 /* NCController.m in Sources */,
				837631A517DB186A00B51CBC /* ButtonsBackdrop.m in Sources */,
				83A3409018C6A46700B7F4C4 /* PreferencesBackdrop.m in Sources */,
				83131A9317C8A99000D50029 /* ITunesController.m in Sources */,
				835A69B018BCFB9A0080CEA3 /* PreferencesWindowController.m in Sources */,
				83AFDA1919707FDD00DE0429 /* ArtworkWindow.m in Sources */,
				83DA970F17DBF2C5007531E4 /* ControlButtonsCell.m in Sources */,
			);
			runOnlyForDeploymentPostprocessing = 0;
		};
		83131A5917C898DC00D50029 /* Sources */ = {
			isa = PBXSourcesBuildPhase;
			buildActionMask = 2147483647;
			files = (
				83131A6A17C898DC00D50029 /* PlayMeTests.m in Sources */,
			);
			runOnlyForDeploymentPostprocessing = 0;
		};
/* End PBXSourcesBuildPhase section */

/* Begin PBXTargetDependency section */
		83131A6217C898DC00D50029 /* PBXTargetDependency */ = {
			isa = PBXTargetDependency;
			target = 83131A3B17C898DC00D50029 /* PlayMe */;
			targetProxy = 83131A6117C898DC00D50029 /* PBXContainerItemProxy */;
		};
		8334BCAD19B929BE000A6BF0 /* PBXTargetDependency */ = {
			isa = PBXTargetDependency;
			target = 83131A3B17C898DC00D50029 /* PlayMe */;
			targetProxy = 8334BCAC19B929BE000A6BF0 /* PBXContainerItemProxy */;
		};
		8334BCAF19B929BE000A6BF0 /* PBXTargetDependency */ = {
			isa = PBXTargetDependency;
			target = 83131A3B17C898DC00D50029 /* PlayMe */;
			targetProxy = 8334BCAE19B929BE000A6BF0 /* PBXContainerItemProxy */;
		};
		83C2495919B9294000594D5B /* PBXTargetDependency */ = {
			isa = PBXTargetDependency;
			target = 83131A3B17C898DC00D50029 /* PlayMe */;
			targetProxy = 83C2495819B9294000594D5B /* PBXContainerItemProxy */;
		};
		83C2495B19B9294000594D5B /* PBXTargetDependency */ = {
			isa = PBXTargetDependency;
			target = 83131A3B17C898DC00D50029 /* PlayMe */;
			targetProxy = 83C2495A19B9294000594D5B /* PBXContainerItemProxy */;
		};
		83C2495D19B9294700594D5B /* PBXTargetDependency */ = {
			isa = PBXTargetDependency;
			target = 83131A3B17C898DC00D50029 /* PlayMe */;
			targetProxy = 83C2495C19B9294700594D5B /* PBXContainerItemProxy */;
		};
		83C2495F19B9294700594D5B /* PBXTargetDependency */ = {
			isa = PBXTargetDependency;
			target = 83131A3B17C898DC00D50029 /* PlayMe */;
			targetProxy = 83C2495E19B9294700594D5B /* PBXContainerItemProxy */;
		};
/* End PBXTargetDependency section */

/* Begin PBXVariantGroup section */
		83131A4817C898DC00D50029 /* InfoPlist.strings */ = {
			isa = PBXVariantGroup;
			children = (
				83131A4917C898DC00D50029 /* en */,
			);
			name = InfoPlist.strings;
			sourceTree = "<group>";
		};
		83131A4E17C898DC00D50029 /* Credits.rtf */ = {
			isa = PBXVariantGroup;
			children = (
				83131A4F17C898DC00D50029 /* en */,
			);
			name = Credits.rtf;
			sourceTree = "<group>";
		};
		83131A6617C898DC00D50029 /* InfoPlist.strings */ = {
			isa = PBXVariantGroup;
			children = (
				83131A6717C898DC00D50029 /* en */,
			);
			name = InfoPlist.strings;
			sourceTree = "<group>";
		};
/* End PBXVariantGroup section */

/* Begin XCBuildConfiguration section */
		83131A6B17C898DC00D50029 /* Debug */ = {
			isa = XCBuildConfiguration;
			buildSettings = {
				ALWAYS_SEARCH_USER_PATHS = NO;
				CLANG_CXX_LANGUAGE_STANDARD = "gnu++0x";
				CLANG_CXX_LIBRARY = "libc++";
				CLANG_ENABLE_MODULES = YES;
				CLANG_ENABLE_OBJC_ARC = YES;
				CLANG_WARN_BOOL_CONVERSION = YES;
				CLANG_WARN_CONSTANT_CONVERSION = YES;
				CLANG_WARN_DIRECT_OBJC_ISA_USAGE = YES_ERROR;
				CLANG_WARN_EMPTY_BODY = YES;
				CLANG_WARN_ENUM_CONVERSION = YES;
				CLANG_WARN_INT_CONVERSION = YES;
				CLANG_WARN_OBJC_ROOT_CLASS = YES_ERROR;
				CLANG_WARN__DUPLICATE_METHOD_MATCH = YES;
				COPY_PHASE_STRIP = NO;
				GCC_C_LANGUAGE_STANDARD = gnu99;
				GCC_DYNAMIC_NO_PIC = NO;
				GCC_ENABLE_OBJC_EXCEPTIONS = YES;
				GCC_OPTIMIZATION_LEVEL = 0;
				GCC_PREPROCESSOR_DEFINITIONS = (
					"DEBUG=1",
					"$(inherited)",
				);
				GCC_SYMBOLS_PRIVATE_EXTERN = NO;
				GCC_WARN_64_TO_32_BIT_CONVERSION = YES;
				GCC_WARN_ABOUT_RETURN_TYPE = YES_ERROR;
				GCC_WARN_UNDECLARED_SELECTOR = YES;
				GCC_WARN_UNINITIALIZED_AUTOS = YES;
				GCC_WARN_UNUSED_FUNCTION = YES;
				GCC_WARN_UNUSED_VARIABLE = YES;
				MACOSX_DEPLOYMENT_TARGET = 10.9;
				ONLY_ACTIVE_ARCH = YES;
				SDKROOT = macosx;
			};
			name = Debug;
		};
		83131A6C17C898DC00D50029 /* Release */ = {
			isa = XCBuildConfiguration;
			buildSettings = {
				ALWAYS_SEARCH_USER_PATHS = NO;
				CLANG_CXX_LANGUAGE_STANDARD = "gnu++0x";
				CLANG_CXX_LIBRARY = "libc++";
				CLANG_ENABLE_MODULES = YES;
				CLANG_ENABLE_OBJC_ARC = YES;
				CLANG_WARN_BOOL_CONVERSION = YES;
				CLANG_WARN_CONSTANT_CONVERSION = YES;
				CLANG_WARN_DIRECT_OBJC_ISA_USAGE = YES_ERROR;
				CLANG_WARN_EMPTY_BODY = YES;
				CLANG_WARN_ENUM_CONVERSION = YES;
				CLANG_WARN_INT_CONVERSION = YES;
				CLANG_WARN_OBJC_ROOT_CLASS = YES_ERROR;
				CLANG_WARN__DUPLICATE_METHOD_MATCH = YES;
				COPY_PHASE_STRIP = YES;
				DEBUG_INFORMATION_FORMAT = "dwarf-with-dsym";
				ENABLE_NS_ASSERTIONS = NO;
				GCC_C_LANGUAGE_STANDARD = gnu99;
				GCC_ENABLE_OBJC_EXCEPTIONS = YES;
				GCC_WARN_64_TO_32_BIT_CONVERSION = YES;
				GCC_WARN_ABOUT_RETURN_TYPE = YES_ERROR;
				GCC_WARN_UNDECLARED_SELECTOR = YES;
				GCC_WARN_UNINITIALIZED_AUTOS = YES;
				GCC_WARN_UNUSED_FUNCTION = YES;
				GCC_WARN_UNUSED_VARIABLE = YES;
				MACOSX_DEPLOYMENT_TARGET = 10.9;
				SDKROOT = macosx;
			};
			name = Release;
		};
		83131A6E17C898DC00D50029 /* Debug */ = {
			isa = XCBuildConfiguration;
			buildSettings = {
				COMBINE_HIDPI_IMAGES = YES;
				GCC_PRECOMPILE_PREFIX_HEADER = YES;
				GCC_PREFIX_HEADER = "PlayMe/PlayMe-Prefix.pch";
				INFOPLIST_FILE = "PlayMe/PlayMe-Info.plist";
				MACOSX_DEPLOYMENT_TARGET = 10.9;
				PRODUCT_NAME = "$(TARGET_NAME)";
				WRAPPER_EXTENSION = app;
			};
			name = Debug;
		};
		83131A6F17C898DC00D50029 /* Release */ = {
			isa = XCBuildConfiguration;
			buildSettings = {
				COMBINE_HIDPI_IMAGES = YES;
				GCC_PRECOMPILE_PREFIX_HEADER = YES;
				GCC_PREFIX_HEADER = "PlayMe/PlayMe-Prefix.pch";
				INFOPLIST_FILE = "PlayMe/PlayMe-Info.plist";
				MACOSX_DEPLOYMENT_TARGET = 10.9;
				PRODUCT_NAME = "$(TARGET_NAME)";
				WRAPPER_EXTENSION = app;
			};
			name = Release;
		};
		83131A7117C898DC00D50029 /* Debug */ = {
			isa = XCBuildConfiguration;
			buildSettings = {
				BUNDLE_LOADER = "$(BUILT_PRODUCTS_DIR)/PlayMe.app/Contents/MacOS/PlayMe";
				COMBINE_HIDPI_IMAGES = YES;
				FRAMEWORK_SEARCH_PATHS = (
					"$(DEVELOPER_FRAMEWORKS_DIR)",
					"$(inherited)",
				);
				GCC_PRECOMPILE_PREFIX_HEADER = YES;
				GCC_PREFIX_HEADER = "PlayMe/PlayMe-Prefix.pch";
				GCC_PREPROCESSOR_DEFINITIONS = (
					"DEBUG=1",
					"$(inherited)",
				);
				INFOPLIST_FILE = "PlayMeTests/PlayMeTests-Info.plist";
				PRODUCT_NAME = "$(TARGET_NAME)";
				TEST_HOST = "$(BUNDLE_LOADER)";
				WRAPPER_EXTENSION = xctest;
			};
			name = Debug;
		};
		83131A7217C898DC00D50029 /* Release */ = {
			isa = XCBuildConfiguration;
			buildSettings = {
				BUNDLE_LOADER = "$(BUILT_PRODUCTS_DIR)/PlayMe.app/Contents/MacOS/PlayMe";
				COMBINE_HIDPI_IMAGES = YES;
				FRAMEWORK_SEARCH_PATHS = (
					"$(DEVELOPER_FRAMEWORKS_DIR)",
					"$(inherited)",
				);
				GCC_PRECOMPILE_PREFIX_HEADER = YES;
				GCC_PREFIX_HEADER = "PlayMe/PlayMe-Prefix.pch";
				INFOPLIST_FILE = "PlayMeTests/PlayMeTests-Info.plist";
				PRODUCT_NAME = "$(TARGET_NAME)";
				TEST_HOST = "$(BUNDLE_LOADER)";
				WRAPPER_EXTENSION = xctest;
			};
			name = Release;
		};
/* End XCBuildConfiguration section */

/* Begin XCConfigurationList section */
		83131A3717C898DC00D50029 /* Build configuration list for PBXProject "PlayMe" */ = {
			isa = XCConfigurationList;
			buildConfigurations = (
				83131A6B17C898DC00D50029 /* Debug */,
				83131A6C17C898DC00D50029 /* Release */,
			);
			defaultConfigurationIsVisible = 0;
			defaultConfigurationName = Release;
		};
		83131A6D17C898DC00D50029 /* Build configuration list for PBXNativeTarget "PlayMe" */ = {
			isa = XCConfigurationList;
			buildConfigurations = (
				83131A6E17C898DC00D50029 /* Debug */,
				83131A6F17C898DC00D50029 /* Release */,
			);
			defaultConfigurationIsVisible = 0;
			defaultConfigurationName = Release;
		};
		83131A7017C898DC00D50029 /* Build configuration list for PBXNativeTarget "PlayMeTests" */ = {
			isa = XCConfigurationList;
			buildConfigurations = (
				83131A7117C898DC00D50029 /* Debug */,
				83131A7217C898DC00D50029 /* Release */,
			);
			defaultConfigurationIsVisible = 0;
			defaultConfigurationName = Release;
		};
/* End XCConfigurationList section */
	};
	rootObject = 83131A3417C898DC00D50029 /* Project object */;
}
