// !$*UTF8*$!
{
	archiveVersion = 1;
	classes = {
	};
	objectVersion = 46;
	objects = {

/* Begin PBXBuildFile section */
		83131A4017C898DC00D50029 /* Cocoa.framework in Frameworks */ = {isa = PBXBuildFile; fileRef = 83131A3F17C898DC00D50029 /* Cocoa.framework */; };
		83131A4A17C898DC00D50029 /* InfoPlist.strings in Resources */ = {isa = PBXBuildFile; fileRef = 83131A4817C898DC00D50029 /* InfoPlist.strings */; };
		83131A5017C898DC00D50029 /* Credits.rtf in Resources */ = {isa = PBXBuildFile; fileRef = 83131A4E17C898DC00D50029 /* Credits.rtf */; };
		83131A5F17C898DC00D50029 /* XCTest.framework in Frameworks */ = {isa = PBXBuildFile; fileRef = 83131A5E17C898DC00D50029 /* XCTest.framework */; };
		83131A6017C898DC00D50029 /* Cocoa.framework in Frameworks */ = {isa = PBXBuildFile; fileRef = 83131A3F17C898DC00D50029 /* Cocoa.framework */; };
		83131A6817C898DC00D50029 /* InfoPlist.strings in Resources */ = {isa = PBXBuildFile; fileRef = 83131A6617C898DC00D50029 /* InfoPlist.strings */; };
		83131A6A17C898DC00D50029 /* PlayMeTests.m in Sources */ = {isa = PBXBuildFile; fileRef = 83131A6917C898DC00D50029 /* PlayMeTests.m */; };
/* End PBXBuildFile section */

/* Begin PBXContainerItemProxy section */
		83131A6117C898DC00D50029 /* PBXContainerItemProxy */ = {
			isa = PBXContainerItemProxy;
			containerPortal = 83131A3417C898DC00D50029 /* Project object */;
			proxyType = 1;
			remoteGlobalIDString = 83131A3B17C898DC00D50029;
			remoteInfo = PlayMe;
		};
/* End PBXContainerItemProxy section */

/* Begin PBXFileReference section */
		83131A3C17C898DC00D50029 /* PlayMe.app */ = {isa = PBXFileReference; explicitFileType = wrapper.application; includeInIndex = 0; path = PlayMe.app; sourceTree = BUILT_PRODUCTS_DIR; };
		83131A3F17C898DC00D50029 /* Cocoa.framework */ = {isa = PBXFileReference; lastKnownFileType = wrapper.framework; name = Cocoa.framework; path = System/Library/Frameworks/Cocoa.framework; sourceTree = SDKROOT; };
		83131A4217C898DC00D50029 /* AppKit.framework */ = {isa = PBXFileReference; lastKnownFileType = wrapper.framework; name = AppKit.framework; path = System/Library/Frameworks/AppKit.framework; sourceTree = SDKROOT; };
		83131A4317C898DC00D50029 /* CoreData.framework */ = {isa = PBXFileReference; lastKnownFileType = wrapper.framework; name = CoreData.framework; path = System/Library/Frameworks/CoreData.framework; sourceTree = SDKROOT; };
		83131A4417C898DC00D50029 /* Foundation.framework */ = {isa = PBXFileReference; lastKnownFileType = wrapper.framework; name = Foundation.framework; path = System/Library/Frameworks/Foundation.framework; sourceTree = SDKROOT; };
		83131A4917C898DC00D50029 /* en */ = {isa = PBXFileReference; lastKnownFileType = text.plist.strings; name = en; path = en.lproj/InfoPlist.strings; sourceTree = "<group>"; };
		83131A4F17C898DC00D50029 /* en */ = {isa = PBXFileReference; lastKnownFileType = text.rtf; name = en; path = en.lproj/Credits.rtf; sourceTree = "<group>"; };
		83131A5D17C898DC00D50029 /* PlayMeTests.xctest */ = {isa = PBXFileReference; explicitFileType = wrapper.cfbundle; includeInIndex = 0; path = PlayMeTests.xctest; sourceTree = BUILT_PRODUCTS_DIR; };
		83131A5E17C898DC00D50029 /* XCTest.framework */ = {isa = PBXFileReference; lastKnownFileType = wrapper.framework; name = XCTest.framework; path = Library/Frameworks/XCTest.framework; sourceTree = DEVELOPER_DIR; };
		83131A6517C898DC00D50029 /* PlayMeTests-Info.plist */ = {isa = PBXFileReference; lastKnownFileType = text.plist.xml; path = "PlayMeTests-Info.plist"; sourceTree = "<group>"; };
		83131A6717C898DC00D50029 /* en */ = {isa = PBXFileReference; lastKnownFileType = text.plist.strings; name = en; path = en.lproj/InfoPlist.strings; sourceTree = "<group>"; };
		83131A6917C898DC00D50029 /* PlayMeTests.m */ = {isa = PBXFileReference; lastKnownFileType = sourcecode.c.objc; path = PlayMeTests.m; sourceTree = "<group>"; };
/* End PBXFileReference section */

/* Begin PBXFrameworksBuildPhase section */
		83131A3917C898DC00D50029 /* Frameworks */ = {
			isa = PBXFrameworksBuildPhase;
			buildActionMask = 2147483647;
			files = (
				83131A4017C898DC00D50029 /* Cocoa.framework in Frameworks */,
			);
			runOnlyForDeploymentPostprocessing = 0;
		};
		83131A5A17C898DC00D50029 /* Frameworks */ = {
			isa = PBXFrameworksBuildPhase;
			buildActionMask = 2147483647;
			files = (
				83131A6017C898DC00D50029 /* Cocoa.framework in Frameworks */,
				83131A5F17C898DC00D50029 /* XCTest.framework in Frameworks */,
			);
			runOnlyForDeploymentPostprocessing = 0;
		};
/* End PBXFrameworksBuildPhase section */

/* Begin PBXGroup section */
		83131A3317C898DC00D50029 = {
			isa = PBXGroup;
			children = (
				83131A4817C898DC00D50029 /* InfoPlist.strings */,
				83131A4E17C898DC00D50029 /* Credits.rtf */,
				83131A6317C898DC00D50029 /* PlayMeTests */,
				83131A3E17C898DC00D50029 /* Frameworks */,
				83131A3D17C898DC00D50029 /* Products */,
			);
			sourceTree = "<group>";
		};
		83131A3D17C898DC00D50029 /* Products */ = {
			isa = PBXGroup;
			children = (
				83131A3C17C898DC00D50029 /* PlayMe.app */,
				83131A5D17C898DC00D50029 /* PlayMeTests.xctest */,
			);
			name = Products;
			sourceTree = "<group>";
		};
		83131A3E17C898DC00D50029 /* Frameworks */ = {
			isa = PBXGroup;
			children = (
				83131A3F17C898DC00D50029 /* Cocoa.framework */,
				83131A5E17C898DC00D50029 /* XCTest.framework */,
				83131A4117C898DC00D50029 /* Other Frameworks */,
			);
			name = Frameworks;
			sourceTree = "<group>";
		};
		83131A4117C898DC00D50029 /* Other Frameworks */ = {
			isa = PBXGroup;
			children = (
				83131A4217C898DC00D50029 /* AppKit.framework */,
				83131A4317C898DC00D50029 /* CoreData.framework */,
				83131A4417C898DC00D50029 /* Foundation.framework */,
			);
			name = "Other Frameworks";
			sourceTree = "<group>";
		};
		83131A6317C898DC00D50029 /* PlayMeTests */ = {
			isa = PBXGroup;
			children = (
				83131A6917C898DC00D50029 /* PlayMeTests.m */,
				83131A6417C898DC00D50029 /* Supporting Files */,
			);
			path = PlayMeTests;
			sourceTree = "<group>";
		};
		83131A6417C898DC00D50029 /* Supporting Files */ = {
			isa = PBXGroup;
			children = (
				83131A6517C898DC00D50029 /* PlayMeTests-Info.plist */,
				83131A6617C898DC00D50029 /* InfoPlist.strings */,
			);
			name = "Supporting Files";
			sourceTree = "<group>";
		};
/* End PBXGroup section */

/* Begin PBXNativeTarget section */
		83131A3B17C898DC00D50029 /* PlayMe */ = {
			isa = PBXNativeTarget;
			buildConfigurationList = 83131A6D17C898DC00D50029 /* Build configuration list for PBXNativeTarget "PlayMe" */;
			buildPhases = (
				83131A3817C898DC00D50029 /* Sources */,
				83131A3917C898DC00D50029 /* Frameworks */,
				83131A3A17C898DC00D50029 /* Resources */,
			);
			buildRules = (
			);
			dependencies = (
			);
			name = PlayMe;
			productName = PlayMe;
			productReference = 83131A3C17C898DC00D50029 /* PlayMe.app */;
			productType = "com.apple.product-type.application";
		};
		83131A5C17C898DC00D50029 /* PlayMeTests */ = {
			isa = PBXNativeTarget;
			buildConfigurationList = 83131A7017C898DC00D50029 /* Build configuration list for PBXNativeTarget "PlayMeTests" */;
			buildPhases = (
				83131A5917C898DC00D50029 /* Sources */,
				83131A5A17C898DC00D50029 /* Frameworks */,
				83131A5B17C898DC00D50029 /* Resources */,
			);
			buildRules = (
			);
			dependencies = (
				83131A6217C898DC00D50029 /* PBXTargetDependency */,
			);
			name = PlayMeTests;
			productName = PlayMeTests;
			productReference = 83131A5D17C898DC00D50029 /* PlayMeTests.xctest */;
			productType = "com.apple.product-type.bundle.unit-test";
		};
/* End PBXNativeTarget section */

/* Begin PBXProject section */
		83131A3417C898DC00D50029 /* Project object */ = {
			isa = PBXProject;
			attributes = {
				CLASSPREFIX = PMA;
				LastUpgradeCheck = 0500;
				ORGANIZATIONNAME = "Tom Craig";
				TargetAttributes = {
					83131A5C17C898DC00D50029 = {
						TestTargetID = 83131A3B17C898DC00D50029;
					};
				};
			};
			buildConfigurationList = 83131A3717C898DC00D50029 /* Build configuration list for PBXProject "PlayMe" */;
			compatibilityVersion = "Xcode 3.2";
			developmentRegion = English;
			hasScannedForEncodings = 0;
			knownRegions = (
				en,
				Base,
			);
			mainGroup = 83131A3317C898DC00D50029;
			productRefGroup = 83131A3D17C898DC00D50029 /* Products */;
			projectDirPath = "";
			projectRoot = "";
			targets = (
				83131A3B17C898DC00D50029 /* PlayMe */,
				83131A5C17C898DC00D50029 /* PlayMeTests */,
			);
		};
/* End PBXProject section */

/* Begin PBXResourcesBuildPhase section */
		83131A3A17C898DC00D50029 /* Resources */ = {
			isa = PBXResourcesBuildPhase;
			buildActionMask = 2147483647;
			files = (
				83131A4A17C898DC00D50029 /* InfoPlist.strings in Resources */,
				83131A5017C898DC00D50029 /* Credits.rtf in Resources */,
			);
			runOnlyForDeploymentPostprocessing = 0;
		};
		83131A5B17C898DC00D50029 /* Resources */ = {
			isa = PBXResourcesBuildPhase;
			buildActionMask = 2147483647;
			files = (
				83131A6817C898DC00D50029 /* InfoPlist.strings in Resources */,
			);
			runOnlyForDeploymentPostprocessing = 0;
		};
/* End PBXResourcesBuildPhase section */

/* Begin PBXSourcesBuildPhase section */
		83131A3817C898DC00D50029 /* Sources */ = {
			isa = PBXSourcesBuildPhase;
			buildActionMask = 2147483647;
			files = (
			);
			runOnlyForDeploymentPostprocessing = 0;
		};
		83131A5917C898DC00D50029 /* Sources */ = {
			isa = PBXSourcesBuildPhase;
			buildActionMask = 2147483647;
			files = (
				83131A6A17C898DC00D50029 /* PlayMeTests.m in Sources */,
			);
			runOnlyForDeploymentPostprocessing = 0;
		};
/* End PBXSourcesBuildPhase section */

/* Begin PBXTargetDependency section */
		83131A6217C898DC00D50029 /* PBXTargetDependency */ = {
			isa = PBXTargetDependency;
			target = 83131A3B17C898DC00D50029 /* PlayMe */;
			targetProxy = 83131A6117C898DC00D50029 /* PBXContainerItemProxy */;
		};
/* End PBXTargetDependency section */

/* Begin PBXVariantGroup section */
		83131A4817C898DC00D50029 /* InfoPlist.strings */ = {
			isa = PBXVariantGroup;
			children = (
				83131A4917C898DC00D50029 /* en */,
			);
			name = InfoPlist.strings;
			path = PlayMe;
			sourceTree = "<group>";
		};
		83131A4E17C898DC00D50029 /* Credits.rtf */ = {
			isa = PBXVariantGroup;
			children = (
				83131A4F17C898DC00D50029 /* en */,
			);
			name = Credits.rtf;
			path = PlayMe;
			sourceTree = "<group>";
		};
		83131A6617C898DC00D50029 /* InfoPlist.strings */ = {
			isa = PBXVariantGroup;
			children = (
				83131A6717C898DC00D50029 /* en */,
			);
			name = InfoPlist.strings;
			sourceTree = "<group>";
		};
/* End PBXVariantGroup section */

/* Begin XCBuildConfiguration section */
		83131A6B17C898DC00D50029 /* Debug */ = {
			isa = XCBuildConfiguration;
			buildSettings = {
				ALWAYS_SEARCH_USER_PATHS = NO;
				CLANG_CXX_LANGUAGE_STANDARD = "gnu++0x";
				CLANG_CXX_LIBRARY = "libc++";
				CLANG_ENABLE_MODULES = YES;
				CLANG_ENABLE_OBJC_ARC = YES;
				CLANG_WARN_BOOL_CONVERSION = YES;
				CLANG_WARN_CONSTANT_CONVERSION = YES;
				CLANG_WARN_DIRECT_OBJC_ISA_USAGE = YES_ERROR;
				CLANG_WARN_EMPTY_BODY = YES;
				CLANG_WARN_ENUM_CONVERSION = YES;
				CLANG_WARN_INT_CONVERSION = YES;
				CLANG_WARN_OBJC_ROOT_CLASS = YES_ERROR;
				CLANG_WARN__DUPLICATE_METHOD_MATCH = YES;
				COPY_PHASE_STRIP = NO;
				GCC_C_LANGUAGE_STANDARD = gnu99;
				GCC_DYNAMIC_NO_PIC = NO;
				GCC_ENABLE_OBJC_EXCEPTIONS = YES;
				GCC_OPTIMIZATION_LEVEL = 0;
				GCC_PREPROCESSOR_DEFINITIONS = (
					"DEBUG=1",
					"$(inherited)",
				);
				GCC_SYMBOLS_PRIVATE_EXTERN = NO;
				GCC_WARN_64_TO_32_BIT_CONVERSION = YES;
				GCC_WARN_ABOUT_RETURN_TYPE = YES_ERROR;
				GCC_WARN_UNDECLARED_SELECTOR = YES;
				GCC_WARN_UNINITIALIZED_AUTOS = YES;
				GCC_WARN_UNUSED_FUNCTION = YES;
				GCC_WARN_UNUSED_VARIABLE = YES;
				MACOSX_DEPLOYMENT_TARGET = 10.9;
				ONLY_ACTIVE_ARCH = YES;
				SDKROOT = macosx;
			};
			name = Debug;
		};
		83131A6C17C898DC00D50029 /* Release */ = {
			isa = XCBuildConfiguration;
			buildSettings = {
				ALWAYS_SEARCH_USER_PATHS = NO;
				CLANG_CXX_LANGUAGE_STANDARD = "gnu++0x";
				CLANG_CXX_LIBRARY = "libc++";
				CLANG_ENABLE_MODULES = YES;
				CLANG_ENABLE_OBJC_ARC = YES;
				CLANG_WARN_BOOL_CONVERSION = YES;
				CLANG_WARN_CONSTANT_CONVERSION = YES;
				CLANG_WARN_DIRECT_OBJC_ISA_USAGE = YES_ERROR;
				CLANG_WARN_EMPTY_BODY = YES;
				CLANG_WARN_ENUM_CONVERSION = YES;
				CLANG_WARN_INT_CONVERSION = YES;
				CLANG_WARN_OBJC_ROOT_CLASS = YES_ERROR;
				CLANG_WARN__DUPLICATE_METHOD_MATCH = YES;
				COPY_PHASE_STRIP = YES;
				DEBUG_INFORMATION_FORMAT = "dwarf-with-dsym";
				ENABLE_NS_ASSERTIONS = NO;
				GCC_C_LANGUAGE_STANDARD = gnu99;
				GCC_ENABLE_OBJC_EXCEPTIONS = YES;
				GCC_WARN_64_TO_32_BIT_CONVERSION = YES;
				GCC_WARN_ABOUT_RETURN_TYPE = YES_ERROR;
				GCC_WARN_UNDECLARED_SELECTOR = YES;
				GCC_WARN_UNINITIALIZED_AUTOS = YES;
				GCC_WARN_UNUSED_FUNCTION = YES;
				GCC_WARN_UNUSED_VARIABLE = YES;
				MACOSX_DEPLOYMENT_TARGET = 10.9;
				SDKROOT = macosx;
			};
			name = Release;
		};
		83131A6E17C898DC00D50029 /* Debug */ = {
			isa = XCBuildConfiguration;
			buildSettings = {
				COMBINE_HIDPI_IMAGES = YES;
				GCC_PRECOMPILE_PREFIX_HEADER = YES;
				GCC_PREFIX_HEADER = "PlayMe/PlayMe-Prefix.pch";
				INFOPLIST_FILE = "PlayMe/PlayMe-Info.plist";
				MACOSX_DEPLOYMENT_TARGET = 10.9;
				PRODUCT_NAME = "$(TARGET_NAME)";
				WRAPPER_EXTENSION = app;
			};
			name = Debug;
		};
		83131A6F17C898DC00D50029 /* Release */ = {
			isa = XCBuildConfiguration;
			buildSettings = {
				COMBINE_HIDPI_IMAGES = YES;
				GCC_PRECOMPILE_PREFIX_HEADER = YES;
				GCC_PREFIX_HEADER = "PlayMe/PlayMe-Prefix.pch";
				INFOPLIST_FILE = "PlayMe/PlayMe-Info.plist";
				MACOSX_DEPLOYMENT_TARGET = 10.9;
				PRODUCT_NAME = "$(TARGET_NAME)";
				WRAPPER_EXTENSION = app;
			};
			name = Release;
		};
		83131A7117C898DC00D50029 /* Debug */ = {
			isa = XCBuildConfiguration;
			buildSettings = {
				BUNDLE_LOADER = "$(BUILT_PRODUCTS_DIR)/PlayMe.app/Contents/MacOS/PlayMe";
				COMBINE_HIDPI_IMAGES = YES;
				FRAMEWORK_SEARCH_PATHS = (
					"$(DEVELOPER_FRAMEWORKS_DIR)",
					"$(inherited)",
				);
				GCC_PRECOMPILE_PREFIX_HEADER = YES;
				GCC_PREFIX_HEADER = "PlayMe/PlayMe-Prefix.pch";
				GCC_PREPROCESSOR_DEFINITIONS = (
					"DEBUG=1",
					"$(inherited)",
				);
				INFOPLIST_FILE = "PlayMeTests/PlayMeTests-Info.plist";
				PRODUCT_NAME = "$(TARGET_NAME)";
				TEST_HOST = "$(BUNDLE_LOADER)";
				WRAPPER_EXTENSION = xctest;
			};
			name = Debug;
		};
		83131A7217C898DC00D50029 /* Release */ = {
			isa = XCBuildConfiguration;
			buildSettings = {
				BUNDLE_LOADER = "$(BUILT_PRODUCTS_DIR)/PlayMe.app/Contents/MacOS/PlayMe";
				COMBINE_HIDPI_IMAGES = YES;
				FRAMEWORK_SEARCH_PATHS = (
					"$(DEVELOPER_FRAMEWORKS_DIR)",
					"$(inherited)",
				);
				GCC_PRECOMPILE_PREFIX_HEADER = YES;
				GCC_PREFIX_HEADER = "PlayMe/PlayMe-Prefix.pch";
				INFOPLIST_FILE = "PlayMeTests/PlayMeTests-Info.plist";
				PRODUCT_NAME = "$(TARGET_NAME)";
				TEST_HOST = "$(BUNDLE_LOADER)";
				WRAPPER_EXTENSION = xctest;
			};
			name = Release;
		};
/* End XCBuildConfiguration section */

/* Begin XCConfigurationList section */
		83131A3717C898DC00D50029 /* Build configuration list for PBXProject "PlayMe" */ = {
			isa = XCConfigurationList;
			buildConfigurations = (
				83131A6B17C898DC00D50029 /* Debug */,
				83131A6C17C898DC00D50029 /* Release */,
			);
			defaultConfigurationIsVisible = 0;
			defaultConfigurationName = Release;
		};
		83131A6D17C898DC00D50029 /* Build configuration list for PBXNativeTarget "PlayMe" */ = {
			isa = XCConfigurationList;
			buildConfigurations = (
				83131A6E17C898DC00D50029 /* Debug */,
				83131A6F17C898DC00D50029 /* Release */,
			);
			defaultConfigurationIsVisible = 0;
			defaultConfigurationName = Release;
		};
		83131A7017C898DC00D50029 /* Build configuration list for PBXNativeTarget "PlayMeTests" */ = {
			isa = XCConfigurationList;
			buildConfigurations = (
				83131A7117C898DC00D50029 /* Debug */,
				83131A7217C898DC00D50029 /* Release */,
			);
			defaultConfigurationIsVisible = 0;
			defaultConfigurationName = Release;
		};
/* End XCConfigurationList section */
	};
	rootObject = 83131A3417C898DC00D50029 /* Project object */;
}
